github.com/davecgh/go-spew v1.1.0 h1:ZDRjVQ15GmhC3fiQ8ni8+OwkZQO4DARzQgrnXU1Liz8=
github.com/davecgh/go-spew v1.1.0/go.mod h1:J7Y8YcW2NihsgmVo/mv3lAwl/skON4iLHjSsI+c5H38=
github.com/goclub/error v0.0.0-20211111072004-f2e296c6bba4 h1:j7SM03MuDjWB0aUjMhSZnsWzjMKOUv4+TtmDDtGVVo4=
github.com/goclub/error v0.0.0-20211111072004-f2e296c6bba4/go.mod h1:2ombCAL3uNuhVNevp56iOpelgiQIyxlYkz7t6nWEC18=
github.com/goclub/error v0.0.0-20220125134423-c85b4b6468c8 h1:/BrlTuQvwEUmFUM+O8ekGQVPFvFymnH/GSd3lgFR4Fk=
github.com/goclub/error v0.0.0-20220125134423-c85b4b6468c8/go.mod h1:2ombCAL3uNuhVNevp56iOpelgiQIyxlYkz7t6nWEC18=
github.com/goclub/json v0.0.0-20201216064424-4c200d38c18f h1:xWeyqRM/ZFaZ4iE9SXcKgozxs+VrouZI/spJUax3qzI=
github.com/goclub/json v0.0.0-20201216064424-4c200d38c18f/go.mod h1:K7bX26XRz/QHEzyXUZNCYwN8yQsrfedeC1hhsE9HcRk=
github.com/goclub/sync v0.0.0-20210209091930-1e9fbda8c2d6 h1:LwigaO8Ygv2o4Loi9Rz9nKrywNdDFkhrcAMnMC5UAIc=
github.com/goclub/sync v0.0.0-20210209091930-1e9fbda8c2d6/go.mod h1:AAR6aIfikgVFtgEIds1Vpn5io3WKulzeMrjCRIATQJE=
github.com/goclub/sync v0.0.0-20220123033251-f342ecbd2710 h1:6dP3PeGiP0SLAXlF9gDS+hTt85Cr93TJNVAiQr9X5AM=
github.com/goclub/sync v0.0.0-20220123033251-f342ecbd2710/go.mod h1:AAR6aIfikgVFtgEIds1Vpn5io3WKulzeMrjCRIATQJE=
github.com/goclub/sync v0.0.0-20220129090856-11025c4f407a h1:tZC59vEidkY4GkMvSQARnSXMo36q8dmfLnmNEQ0GOr4=
github.com/goclub/sync v0.0.0-20220129090856-11025c4f407a/go.mod h1:AAR6aIfikgVFtgEIds1Vpn5io3WKulzeMrjCRIATQJE=
github.com/goclub/sync v0.0.0-20220130071816-3cea0d624c10 h1:wk4YSSFtUJKAZS8dQCniE1vVyvq/uHqC7WnHymwFmZM=
github.com/goclub/sync v0.0.0-20220130071816-3cea0d624c10/go.mod h1:fzBv9mnCwlHSFBlA0A3ilYTvwTOyEiNetB5DncGGhEk=
github.com/goclub/sync v0.0.0-20220202074611-45fb856dcfe7 h1:t3nDGpZc7daw4yPeOngOwUi2/2K0EDTDGJISqO+U3lA=
github.com/goclub/sync v0.0.0-20220202074611-45fb856dcfe7/go.mod h1:fzBv9mnCwlHSFBlA0A3ilYTvwTOyEiNetB5DncGGhEk=
github.com/pkg/errors v0.9.1 h1:FEBLx1zS214owpjy7qsBeixbURkuhQAwrK5UwLGTwt4=
github.com/pkg/errors v0.9.1/go.mod h1:bwawxfHBFNV+L2hUp1rHADufV3IMtnDRdf1r5NINEl0=
github.com/pmezard/go-difflib v1.0.0 h1:4DBwDE0NGyQoBHbLQYPwSUPoCMWR5BEzIk/f1lZbAQM=
github.com/pmezard/go-difflib v1.0.0/go.mod h1:iKH77koFhYxTK1pcRnkKkqfTogsbg7gZNVY4sRDYZ/4=
github.com/streadway/amqp v1.0.0 h1:kuuDrUJFZL1QYL9hUNuCxNObNzB0bV/ZG5jV3RWAQgo=
github.com/streadway/amqp v1.0.0/go.mod h1:AZpEONHx3DKn8O/DFsRAY58/XVQiIPMTMB1SddzLXVw=
github.com/stretchr/objx v0.1.0/go.mod h1:HFkY916IF+rwdDfMAkV7OtwuqBVzrE8GR6GFx+wExME=
github.com/stretchr/testify v1.6.1 h1:hDPOHmpOpP40lSULcqw7IrRb/u7w6RpDC9399XyoNd0=
github.com/stretchr/testify v1.6.1/go.mod h1:6Fq8oRcR53rry900zMqJjRRixrwX3KX962/h/Wwjteg=
github.com/stretchr/testify v1.7.0 h1:nwc3DEeHmmLAfoZucVR881uASk0Mfjw8xYJ99tb5CcY=
github.com/stretchr/testify v1.7.0/go.mod h1:6Fq8oRcR53rry900zMqJjRRixrwX3KX962/h/Wwjteg=
golang.org/x/sync v0.0.0-20201207232520-09787c993a3a/go.mod h1:RxMgew5VJxzue5/jJTE5uejpjVlOe/izrB70Jof72aM=
gopkg.in/check.v1 v0.0.0-20161208181325-20d25e280405 h1:yhCVgyC4o1eVCa2tZl7eS0r+SDo693bJlVdllGtEeKM=
gopkg.in/check.v1 v0.0.0-20161208181325-20d25e280405/go.mod h1:Co6ibVJAznAaIkqp8huTwlJQCZ016jof/cbN4VW5Yz0=
gopkg.in/yaml.v3 v3.0.0-20200313102051-9f266ea9e77c h1:dUUwHk2QECo/6vqA44rthZ8ie2QXMNeKRTHCNY2nXvo=
gopkg.in/yaml.v3 v3.0.0-20200313102051-9f266ea9e77c/go.mod h1:K4uyk7z7BCEPqu6E+C64Yfv1cQ7kz7rIZviUmN+EgEM=
